{
  "name": "react-native-version-handler",
  "version": "1.0.17",
  "lockfileVersion": 3,
  "requires": true,
  "packages": {
    "": {
      "name": "react-native-version-handler",
      "version": "1.0.17",
      "license": "ISC",
      "dependencies": {
        "arg": "^5.0.0",
        "strip-color": "^0.1.0"
      },
      "bin": {
        "release": "index.js"
      }
    },
    "node_modules/arg": {
      "version": "5.0.0",
      "resolved": "https://registry.npmjs.org/arg/-/arg-5.0.0.tgz",
      "integrity": "sha512-4P8Zm2H+BRS+c/xX1LrHw0qKpEhdlZjLCgWy+d78T9vqa2Z2SiD2wMrYuWIAFy5IZUD7nnNXroRttz+0RzlrzQ=="
    },
    "node_modules/strip-color": {
      "version": "0.1.0",
      "resolved": "https://registry.npmjs.org/strip-color/-/strip-color-0.1.0.tgz",
      "integrity": "sha1-EG9l09PmotlAHKwOsM6LinArT3s=",
      "engines": {
        "node": ">=0.10.0"
      }
    }
  }
}
